// !$*UTF8*$!
{
	archiveVersion = 1;
	classes = {
	};
	objectVersion = 46;
	objects = {

/* Begin PBXBuildFile section */
		439E9A6DF7EFFF73A91258A9 /* Pods_LibIosBaseExample.framework in Frameworks */ = {isa = PBXBuildFile; fileRef = 29657E668C153B5E62ABF822 /* Pods_LibIosBaseExample.framework */; };
		6003F58E195388D20070C39A /* Foundation.framework in Frameworks */ = {isa = PBXBuildFile; fileRef = 6003F58D195388D20070C39A /* Foundation.framework */; };
		6003F590195388D20070C39A /* CoreGraphics.framework in Frameworks */ = {isa = PBXBuildFile; fileRef = 6003F58F195388D20070C39A /* CoreGraphics.framework */; };
		6003F592195388D20070C39A /* UIKit.framework in Frameworks */ = {isa = PBXBuildFile; fileRef = 6003F591195388D20070C39A /* UIKit.framework */; };
		F813821E25F75DF000FBCE08 /* main.m in Sources */ = {isa = PBXBuildFile; fileRef = F813821625F75DF000FBCE08 /* main.m */; };
		F813821F25F75DF000FBCE08 /* LibIosBaseExample-Info.plist in Resources */ = {isa = PBXBuildFile; fileRef = F813821725F75DF000FBCE08 /* LibIosBaseExample-Info.plist */; };
		F813822025F75DF000FBCE08 /* Images.xcassets in Resources */ = {isa = PBXBuildFile; fileRef = F813821825F75DF000FBCE08 /* Images.xcassets */; };
		F813822125F75DF000FBCE08 /* STAppDelegate.m in Sources */ = {isa = PBXBuildFile; fileRef = F813821A25F75DF000FBCE08 /* STAppDelegate.m */; };
		F813822225F75DF000FBCE08 /* STViewController.m in Sources */ = {isa = PBXBuildFile; fileRef = F813821B25F75DF000FBCE08 /* STViewController.m */; };
		F813822925F75E3100FBCE08 /* Main.storyboard in Resources */ = {isa = PBXBuildFile; fileRef = F813822525F75E3100FBCE08 /* Main.storyboard */; };
		F813822A25F75E3100FBCE08 /* LaunchScreen.storyboard in Resources */ = {isa = PBXBuildFile; fileRef = F813822725F75E3100FBCE08 /* LaunchScreen.storyboard */; };
		F8BDBB3825D0EC56007A6B1B /* libz.tbd in Frameworks */ = {isa = PBXBuildFile; fileRef = F8BDBB3725D0EC56007A6B1B /* libz.tbd */; };
		F8BDBB3C25D0EC62007A6B1B /* libbz2.1.0.tbd in Frameworks */ = {isa = PBXBuildFile; fileRef = F8BDBB3B25D0EC62007A6B1B /* libbz2.1.0.tbd */; };
/* End PBXBuildFile section */

/* Begin PBXFileReference section */
		29657E668C153B5E62ABF822 /* Pods_LibIosBaseExample.framework */ = {isa = PBXFileReference; explicitFileType = wrapper.framework; includeInIndex = 0; path = Pods_LibIosBaseExample.framework; sourceTree = BUILT_PRODUCTS_DIR; };
		6003F58A195388D20070C39A /* LibIosBaseExample.app */ = {isa = PBXFileReference; explicitFileType = wrapper.application; includeInIndex = 0; path = LibIosBaseExample.app; sourceTree = BUILT_PRODUCTS_DIR; };
		6003F58D195388D20070C39A /* Foundation.framework */ = {isa = PBXFileReference; lastKnownFileType = wrapper.framework; name = Foundation.framework; path = System/Library/Frameworks/Foundation.framework; sourceTree = SDKROOT; };
		6003F58F195388D20070C39A /* CoreGraphics.framework */ = {isa = PBXFileReference; lastKnownFileType = wrapper.framework; name = CoreGraphics.framework; path = System/Library/Frameworks/CoreGraphics.framework; sourceTree = SDKROOT; };
		6003F591195388D20070C39A /* UIKit.framework */ = {isa = PBXFileReference; lastKnownFileType = wrapper.framework; name = UIKit.framework; path = System/Library/Frameworks/UIKit.framework; sourceTree = SDKROOT; };
		6003F5AF195388D20070C39A /* XCTest.framework */ = {isa = PBXFileReference; lastKnownFileType = wrapper.framework; name = XCTest.framework; path = Library/Frameworks/XCTest.framework; sourceTree = DEVELOPER_DIR; };
		75C4EB8DB13AF085505E1FE2 /* Pods_LibIosBase_Tests.framework */ = {isa = PBXFileReference; explicitFileType = wrapper.framework; includeInIndex = 0; path = Pods_LibIosBase_Tests.framework; sourceTree = BUILT_PRODUCTS_DIR; };
		B79EC8CC88D68F4E55FD7A66 /* Pods-LibIosBaseExample.debug.xcconfig */ = {isa = PBXFileReference; includeInIndex = 1; lastKnownFileType = text.xcconfig; name = "Pods-LibIosBaseExample.debug.xcconfig"; path = "Target Support Files/Pods-LibIosBaseExample/Pods-LibIosBaseExample.debug.xcconfig"; sourceTree = "<group>"; };
		E9766D5E407C3755DD4D3032 /* Pods-LibIosBaseExample.release.xcconfig */ = {isa = PBXFileReference; includeInIndex = 1; lastKnownFileType = text.xcconfig; name = "Pods-LibIosBaseExample.release.xcconfig"; path = "Target Support Files/Pods-LibIosBaseExample/Pods-LibIosBaseExample.release.xcconfig"; sourceTree = "<group>"; };
		F813821625F75DF000FBCE08 /* main.m */ = {isa = PBXFileReference; fileEncoding = 4; lastKnownFileType = sourcecode.c.objc; name = main.m; path = LibIosBase/main.m; sourceTree = "<group>"; };
		F813821725F75DF000FBCE08 /* LibIosBaseExample-Info.plist */ = {isa = PBXFileReference; fileEncoding = 4; lastKnownFileType = text.plist.xml; name = "LibIosBaseExample-Info.plist"; path = "LibIosBase/LibIosBaseExample-Info.plist"; sourceTree = "<group>"; };
		F813821825F75DF000FBCE08 /* Images.xcassets */ = {isa = PBXFileReference; lastKnownFileType = folder.assetcatalog; name = Images.xcassets; path = LibIosBase/Images.xcassets; sourceTree = "<group>"; };
		F813821925F75DF000FBCE08 /* LibIosBaseExample-Prefix.pch */ = {isa = PBXFileReference; fileEncoding = 4; lastKnownFileType = sourcecode.c.h; name = "LibIosBaseExample-Prefix.pch"; path = "LibIosBase/LibIosBaseExample-Prefix.pch"; sourceTree = "<group>"; };
		F813821A25F75DF000FBCE08 /* STAppDelegate.m */ = {isa = PBXFileReference; fileEncoding = 4; lastKnownFileType = sourcecode.c.objc; name = STAppDelegate.m; path = LibIosBase/STAppDelegate.m; sourceTree = "<group>"; };
		F813821B25F75DF000FBCE08 /* STViewController.m */ = {isa = PBXFileReference; fileEncoding = 4; lastKnownFileType = sourcecode.c.objc; name = STViewController.m; path = LibIosBase/STViewController.m; sourceTree = "<group>"; };
		F813821C25F75DF000FBCE08 /* STAppDelegate.h */ = {isa = PBXFileReference; fileEncoding = 4; lastKnownFileType = sourcecode.c.h; name = STAppDelegate.h; path = LibIosBase/STAppDelegate.h; sourceTree = "<group>"; };
		F813821D25F75DF000FBCE08 /* STViewController.h */ = {isa = PBXFileReference; fileEncoding = 4; lastKnownFileType = sourcecode.c.h; name = STViewController.h; path = LibIosBase/STViewController.h; sourceTree = "<group>"; };
		F813822625F75E3100FBCE08 /* Base */ = {isa = PBXFileReference; lastKnownFileType = file.storyboard; name = Base; path = LibIosBase/Base.lproj/Main.storyboard; sourceTree = "<group>"; };
		F813822825F75E3100FBCE08 /* Base */ = {isa = PBXFileReference; lastKnownFileType = file.storyboard; name = Base; path = LibIosBase/Base.lproj/LaunchScreen.storyboard; sourceTree = "<group>"; };
		F8BDBB3725D0EC56007A6B1B /* libz.tbd */ = {isa = PBXFileReference; lastKnownFileType = "sourcecode.text-based-dylib-definition"; name = libz.tbd; path = usr/lib/libz.tbd; sourceTree = SDKROOT; };
		F8BDBB3B25D0EC62007A6B1B /* libbz2.1.0.tbd */ = {isa = PBXFileReference; lastKnownFileType = "sourcecode.text-based-dylib-definition"; name = libbz2.1.0.tbd; path = usr/lib/libbz2.1.0.tbd; sourceTree = SDKROOT; };
/* End PBXFileReference section */

/* Begin PBXFrameworksBuildPhase section */
		6003F587195388D20070C39A /* Frameworks */ = {
			isa = PBXFrameworksBuildPhase;
			buildActionMask = 2147483647;
			files = (
				F8BDBB3C25D0EC62007A6B1B /* libbz2.1.0.tbd in Frameworks */,
				F8BDBB3825D0EC56007A6B1B /* libz.tbd in Frameworks */,
				6003F590195388D20070C39A /* CoreGraphics.framework in Frameworks */,
				6003F592195388D20070C39A /* UIKit.framework in Frameworks */,
				6003F58E195388D20070C39A /* Foundation.framework in Frameworks */,
				439E9A6DF7EFFF73A91258A9 /* Pods_LibIosBaseExample.framework in Frameworks */,
			);
			runOnlyForDeploymentPostprocessing = 0;
		};
/* End PBXFrameworksBuildPhase section */

/* Begin PBXGroup section */
		5197B4E8330D8F26DD7B207D /* Pods */ = {
			isa = PBXGroup;
			children = (
				B79EC8CC88D68F4E55FD7A66 /* Pods-LibIosBaseExample.debug.xcconfig */,
				E9766D5E407C3755DD4D3032 /* Pods-LibIosBaseExample.release.xcconfig */,
			);
			name = Pods;
			path = Pods;
			sourceTree = "<group>";
		};
		6003F581195388D10070C39A = {
			isa = PBXGroup;
			children = (
				F813822725F75E3100FBCE08 /* LaunchScreen.storyboard */,
				F813822525F75E3100FBCE08 /* Main.storyboard */,
				F813821825F75DF000FBCE08 /* Images.xcassets */,
				F813821725F75DF000FBCE08 /* LibIosBaseExample-Info.plist */,
				F813821925F75DF000FBCE08 /* LibIosBaseExample-Prefix.pch */,
				F813821625F75DF000FBCE08 /* main.m */,
				F813821C25F75DF000FBCE08 /* STAppDelegate.h */,
				F813821A25F75DF000FBCE08 /* STAppDelegate.m */,
				F813821D25F75DF000FBCE08 /* STViewController.h */,
				F813821B25F75DF000FBCE08 /* STViewController.m */,
				6003F58C195388D20070C39A /* Frameworks */,
				6003F58B195388D20070C39A /* Products */,
				5197B4E8330D8F26DD7B207D /* Pods */,
			);
			sourceTree = "<group>";
		};
		6003F58B195388D20070C39A /* Products */ = {
			isa = PBXGroup;
			children = (
				6003F58A195388D20070C39A /* LibIosBaseExample.app */,
			);
			name = Products;
			sourceTree = "<group>";
		};
		6003F58C195388D20070C39A /* Frameworks */ = {
			isa = PBXGroup;
			children = (
				F8BDBB3B25D0EC62007A6B1B /* libbz2.1.0.tbd */,
				F8BDBB3725D0EC56007A6B1B /* libz.tbd */,
				6003F58D195388D20070C39A /* Foundation.framework */,
				6003F58F195388D20070C39A /* CoreGraphics.framework */,
				6003F591195388D20070C39A /* UIKit.framework */,
				6003F5AF195388D20070C39A /* XCTest.framework */,
				75C4EB8DB13AF085505E1FE2 /* Pods_LibIosBase_Tests.framework */,
				29657E668C153B5E62ABF822 /* Pods_LibIosBaseExample.framework */,
			);
			name = Frameworks;
			sourceTree = "<group>";
		};
/* End PBXGroup section */

/* Begin PBXNativeTarget section */
		6003F589195388D20070C39A /* LibIosBaseExample */ = {
			isa = PBXNativeTarget;
			buildConfigurationList = 6003F5BF195388D20070C39A /* Build configuration list for PBXNativeTarget "LibIosBaseExample" */;
			buildPhases = (
				92D727F4CEE0C3C824A461ED /* [CP] Check Pods Manifest.lock */,
				6003F586195388D20070C39A /* Sources */,
				6003F587195388D20070C39A /* Frameworks */,
				6003F588195388D20070C39A /* Resources */,
				DBFD0139CE309DC606604CD1 /* [CP] Embed Pods Frameworks */,
			);
			buildRules = (
			);
			dependencies = (
			);
			name = LibIosBaseExample;
			productName = CodesDancing;
			productReference = 6003F58A195388D20070C39A /* LibIosBaseExample.app */;
			productType = "com.apple.product-type.application";
		};
/* End PBXNativeTarget section */

/* Begin PBXProject section */
		6003F582195388D10070C39A /* Project object */ = {
			isa = PBXProject;
			attributes = {
				CLASSPREFIX = ST;
				LastUpgradeCheck = 0720;
				ORGANIZATIONNAME = "767709667@qq.com";
			};
			buildConfigurationList = 6003F585195388D10070C39A /* Build configuration list for PBXProject "LibIosBaseExample" */;
			compatibilityVersion = "Xcode 3.2";
			developmentRegion = English;
			hasScannedForEncodings = 0;
			knownRegions = (
				English,
				en,
				Base,
			);
			mainGroup = 6003F581195388D10070C39A;
			productRefGroup = 6003F58B195388D20070C39A /* Products */;
			projectDirPath = "";
			projectRoot = "";
			targets = (
				6003F589195388D20070C39A /* LibIosBaseExample */,
			);
		};
/* End PBXProject section */

/* Begin PBXResourcesBuildPhase section */
		6003F588195388D20070C39A /* Resources */ = {
			isa = PBXResourcesBuildPhase;
			buildActionMask = 2147483647;
			files = (
				F813822925F75E3100FBCE08 /* Main.storyboard in Resources */,
				F813822A25F75E3100FBCE08 /* LaunchScreen.storyboard in Resources */,
				F813821F25F75DF000FBCE08 /* LibIosBaseExample-Info.plist in Resources */,
				F813822025F75DF000FBCE08 /* Images.xcassets in Resources */,
			);
			runOnlyForDeploymentPostprocessing = 0;
		};
/* End PBXResourcesBuildPhase section */

/* Begin PBXShellScriptBuildPhase section */
		92D727F4CEE0C3C824A461ED /* [CP] Check Pods Manifest.lock */ = {
			isa = PBXShellScriptBuildPhase;
			buildActionMask = 2147483647;
			files = (
			);
			inputFileListPaths = (
			);
			inputPaths = (
				"${PODS_PODFILE_DIR_PATH}/Podfile.lock",
				"${PODS_ROOT}/Manifest.lock",
			);
			name = "[CP] Check Pods Manifest.lock";
			outputFileListPaths = (
			);
			outputPaths = (
				"$(DERIVED_FILE_DIR)/Pods-LibIosBaseExample-checkManifestLockResult.txt",
			);
			runOnlyForDeploymentPostprocessing = 0;
			shellPath = /bin/sh;
			shellScript = "diff \"${PODS_PODFILE_DIR_PATH}/Podfile.lock\" \"${PODS_ROOT}/Manifest.lock\" > /dev/null\nif [ $? != 0 ] ; then\n    # print error to STDERR\n    echo \"error: The sandbox is not in sync with the Podfile.lock. Run 'pod install' or update your CocoaPods installation.\" >&2\n    exit 1\nfi\n# This output is used by Xcode 'outputs' to avoid re-running this script phase.\necho \"SUCCESS\" > \"${SCRIPT_OUTPUT_FILE_0}\"\n";
			showEnvVarsInLog = 0;
		};
		DBFD0139CE309DC606604CD1 /* [CP] Embed Pods Frameworks */ = {
			isa = PBXShellScriptBuildPhase;
			buildActionMask = 2147483647;
			files = (
			);
			inputPaths = (
				"${PODS_ROOT}/Target Support Files/Pods-LibIosBaseExample/Pods-LibIosBaseExample-frameworks.sh",
				"${BUILT_PRODUCTS_DIR}/AFNetworking/AFNetworking.framework",
				"${BUILT_PRODUCTS_DIR}/LibIosBase/LibIosBase.framework",
				"${BUILT_PRODUCTS_DIR}/MBProgressHUD/MBProgressHUD.framework",
				"${BUILT_PRODUCTS_DIR}/SDWebImage/SDWebImage.framework",
				"${BUILT_PRODUCTS_DIR}/SSZipArchive/SSZipArchive.framework",
				"${BUILT_PRODUCTS_DIR}/YYModel/YYModel.framework",
			);
			name = "[CP] Embed Pods Frameworks";
			outputPaths = (
				"${TARGET_BUILD_DIR}/${FRAMEWORKS_FOLDER_PATH}/AFNetworking.framework",
				"${TARGET_BUILD_DIR}/${FRAMEWORKS_FOLDER_PATH}/LibIosBase.framework",
				"${TARGET_BUILD_DIR}/${FRAMEWORKS_FOLDER_PATH}/MBProgressHUD.framework",
				"${TARGET_BUILD_DIR}/${FRAMEWORKS_FOLDER_PATH}/SDWebImage.framework",
				"${TARGET_BUILD_DIR}/${FRAMEWORKS_FOLDER_PATH}/SSZipArchive.framework",
				"${TARGET_BUILD_DIR}/${FRAMEWORKS_FOLDER_PATH}/YYModel.framework",
			);
			runOnlyForDeploymentPostprocessing = 0;
			shellPath = /bin/sh;
			shellScript = "\"${PODS_ROOT}/Target Support Files/Pods-LibIosBaseExample/Pods-LibIosBaseExample-frameworks.sh\"\n";
			showEnvVarsInLog = 0;
		};
/* End PBXShellScriptBuildPhase section */

/* Begin PBXSourcesBuildPhase section */
		6003F586195388D20070C39A /* Sources */ = {
			isa = PBXSourcesBuildPhase;
			buildActionMask = 2147483647;
			files = (
				F813822225F75DF000FBCE08 /* STViewController.m in Sources */,
				F813821E25F75DF000FBCE08 /* main.m in Sources */,
				F813822125F75DF000FBCE08 /* STAppDelegate.m in Sources */,
			);
			runOnlyForDeploymentPostprocessing = 0;
		};
/* End PBXSourcesBuildPhase section */

/* Begin PBXVariantGroup section */
		F813822525F75E3100FBCE08 /* Main.storyboard */ = {
			isa = PBXVariantGroup;
			children = (
				F813822625F75E3100FBCE08 /* Base */,
			);
			name = Main.storyboard;
			sourceTree = "<group>";
		};
		F813822725F75E3100FBCE08 /* LaunchScreen.storyboard */ = {
			isa = PBXVariantGroup;
			children = (
				F813822825F75E3100FBCE08 /* Base */,
			);
			name = LaunchScreen.storyboard;
			sourceTree = "<group>";
		};
/* End PBXVariantGroup section */

/* Begin XCBuildConfiguration section */
		6003F5BD195388D20070C39A /* Debug */ = {
			isa = XCBuildConfiguration;
			buildSettings = {
				ALWAYS_SEARCH_USER_PATHS = NO;
				CLANG_CXX_LANGUAGE_STANDARD = "gnu++0x";
				CLANG_CXX_LIBRARY = "libc++";
				CLANG_ENABLE_MODULES = YES;
				CLANG_ENABLE_OBJC_ARC = YES;
				CLANG_WARN_BOOL_CONVERSION = YES;
				CLANG_WARN_CONSTANT_CONVERSION = YES;
				CLANG_WARN_DIRECT_OBJC_ISA_USAGE = YES_ERROR;
				CLANG_WARN_EMPTY_BODY = YES;
				CLANG_WARN_ENUM_CONVERSION = YES;
				CLANG_WARN_INT_CONVERSION = YES;
				CLANG_WARN_OBJC_ROOT_CLASS = YES_ERROR;
				CLANG_WARN__DUPLICATE_METHOD_MATCH = YES;
				"CODE_SIGN_IDENTITY[sdk=iphoneos*]" = "iPhone Developer";
				COPY_PHASE_STRIP = NO;
				ENABLE_TESTABILITY = YES;
				GCC_C_LANGUAGE_STANDARD = gnu99;
				GCC_DYNAMIC_NO_PIC = NO;
				GCC_OPTIMIZATION_LEVEL = 0;
				GCC_PREPROCESSOR_DEFINITIONS = (
					"DEBUG=1",
					"$(inherited)",
				);
				GCC_SYMBOLS_PRIVATE_EXTERN = NO;
				GCC_WARN_64_TO_32_BIT_CONVERSION = YES;
				GCC_WARN_ABOUT_RETURN_TYPE = YES_ERROR;
				GCC_WARN_UNDECLARED_SELECTOR = YES;
				GCC_WARN_UNINITIALIZED_AUTOS = YES_AGGRESSIVE;
				GCC_WARN_UNUSED_FUNCTION = YES;
				GCC_WARN_UNUSED_VARIABLE = YES;
				IPHONEOS_DEPLOYMENT_TARGET = 9.0;
				ONLY_ACTIVE_ARCH = YES;
				SDKROOT = iphoneos;
				TARGETED_DEVICE_FAMILY = "1,2";
			};
			name = Debug;
		};
		6003F5BE195388D20070C39A /* Release */ = {
			isa = XCBuildConfiguration;
			buildSettings = {
				ALWAYS_SEARCH_USER_PATHS = NO;
				CLANG_CXX_LANGUAGE_STANDARD = "gnu++0x";
				CLANG_CXX_LIBRARY = "libc++";
				CLANG_ENABLE_MODULES = YES;
				CLANG_ENABLE_OBJC_ARC = YES;
				CLANG_WARN_BOOL_CONVERSION = YES;
				CLANG_WARN_CONSTANT_CONVERSION = YES;
				CLANG_WARN_DIRECT_OBJC_ISA_USAGE = YES_ERROR;
				CLANG_WARN_EMPTY_BODY = YES;
				CLANG_WARN_ENUM_CONVERSION = YES;
				CLANG_WARN_INT_CONVERSION = YES;
				CLANG_WARN_OBJC_ROOT_CLASS = YES_ERROR;
				CLANG_WARN__DUPLICATE_METHOD_MATCH = YES;
				"CODE_SIGN_IDENTITY[sdk=iphoneos*]" = "iPhone Developer";
				COPY_PHASE_STRIP = YES;
				ENABLE_NS_ASSERTIONS = NO;
				GCC_C_LANGUAGE_STANDARD = gnu99;
				GCC_WARN_64_TO_32_BIT_CONVERSION = YES;
				GCC_WARN_ABOUT_RETURN_TYPE = YES_ERROR;
				GCC_WARN_UNDECLARED_SELECTOR = YES;
				GCC_WARN_UNINITIALIZED_AUTOS = YES_AGGRESSIVE;
				GCC_WARN_UNUSED_FUNCTION = YES;
				GCC_WARN_UNUSED_VARIABLE = YES;
				IPHONEOS_DEPLOYMENT_TARGET = 9.0;
				SDKROOT = iphoneos;
				TARGETED_DEVICE_FAMILY = "1,2";
				VALIDATE_PRODUCT = YES;
			};
			name = Release;
		};
		6003F5C0195388D20070C39A /* Debug */ = {
			isa = XCBuildConfiguration;
			baseConfigurationReference = B79EC8CC88D68F4E55FD7A66 /* Pods-LibIosBaseExample.debug.xcconfig */;
			buildSettings = {
				GCC_PRECOMPILE_PREFIX_HEADER = YES;
				GCC_PREFIX_HEADER = "LibIosBase/LibIosBaseExample-Prefix.pch";
				INFOPLIST_FILE = "$(SRCROOT)/LibIosBase/LibIosBaseExample-Info.plist";
				MODULE_NAME = ExampleApp;
				PRODUCT_BUNDLE_IDENTIFIER = "org.cocoapods.demo.${PRODUCT_NAME:rfc1034identifier}";
				PRODUCT_NAME = "$(TARGET_NAME)";
				SWIFT_VERSION = 4.0;
				WRAPPER_EXTENSION = app;
			};
			name = Debug;
		};
		6003F5C1195388D20070C39A /* Release */ = {
			isa = XCBuildConfiguration;
			baseConfigurationReference = E9766D5E407C3755DD4D3032 /* Pods-LibIosBaseExample.release.xcconfig */;
			buildSettings = {
				GCC_PRECOMPILE_PREFIX_HEADER = YES;
				GCC_PREFIX_HEADER = "LibIosBase/LibIosBaseExample-Prefix.pch";
				INFOPLIST_FILE = "$(SRCROOT)/LibIosBase/LibIosBaseExample-Info.plist";
				MODULE_NAME = ExampleApp;
				PRODUCT_BUNDLE_IDENTIFIER = "org.cocoapods.demo.${PRODUCT_NAME:rfc1034identifier}";
				PRODUCT_NAME = "$(TARGET_NAME)";
				SWIFT_VERSION = 4.0;
				WRAPPER_EXTENSION = app;
			};
			name = Release;
		};
/* End XCBuildConfiguration section */

/* Begin XCConfigurationList section */
		6003F585195388D10070C39A /* Build configuration list for PBXProject "LibIosBaseExample" */ = {
			isa = XCConfigurationList;
			buildConfigurations = (
				6003F5BD195388D20070C39A /* Debug */,
				6003F5BE195388D20070C39A /* Release */,
			);
			defaultConfigurationIsVisible = 0;
			defaultConfigurationName = Release;
		};
		6003F5BF195388D20070C39A /* Build configuration list for PBXNativeTarget "LibIosBaseExample" */ = {
			isa = XCConfigurationList;
			buildConfigurations = (
				6003F5C0195388D20070C39A /* Debug */,
				6003F5C1195388D20070C39A /* Release */,
			);
			defaultConfigurationIsVisible = 0;
			defaultConfigurationName = Release;
		};
/* End XCConfigurationList section */
	};
	rootObject = 6003F582195388D10070C39A /* Project object */;
}
